
Microsoft Visual Studio Solution File, Format Version 12.00
# Visual Studio Version 17
VisualStudioVersion = 17.0.32014.148
MinimumVisualStudioVersion = 10.0.40219.1
Project("{9A19103F-16F7-4668-BE54-9A1E7A4F7556}") = "API", "API\API.csproj", "{8E68EBED-F61A-429C-A1CF-B9FF8262C28F}"
EndProject
Project("{FAE04EC0-301F-11D3-BF4B-00C04F79EFBC}") = "Infrastructure", "Infrastructure\Infrastructure.csproj", "{C45D4E07-A28B-466D-84BA-13D4881215F4}"
EndProject
Project("{FAE04EC0-301F-11D3-BF4B-00C04F79EFBC}") = "Core", "Core\Core.csproj", "{EEA1E018-538B-4859-A874-006A701793D1}"
EndProject
Global
	GlobalSection(SolutionConfigurationPlatforms) = preSolution
		Debug|Any CPU = Debug|Any CPU
		Release|Any CPU = Release|Any CPU
	EndGlobalSection
	GlobalSection(ProjectConfigurationPlatforms) = postSolution
		{8E68EBED-F61A-429C-A1CF-B9FF8262C28F}.Debug|Any CPU.ActiveCfg = Debug|Any CPU
		{8E68EBED-F61A-429C-A1CF-B9FF8262C28F}.Debug|Any CPU.Build.0 = Debug|Any CPU
		{8E68EBED-F61A-429C-A1CF-B9FF8262C28F}.Release|Any CPU.ActiveCfg = Release|Any CPU
		{8E68EBED-F61A-429C-A1CF-B9FF8262C28F}.Release|Any CPU.Build.0 = Release|Any CPU
		{C45D4E07-A28B-466D-84BA-13D4881215F4}.Debug|Any CPU.ActiveCfg = Debug|Any CPU
		{C45D4E07-A28B-466D-84BA-13D4881215F4}.Debug|Any CPU.Build.0 = Debug|Any CPU
		{C45D4E07-A28B-466D-84BA-13D4881215F4}.Release|Any CPU.ActiveCfg = Release|Any CPU
		{C45D4E07-A28B-466D-84BA-13D4881215F4}.Release|Any CPU.Build.0 = Release|Any CPU
		{EEA1E018-538B-4859-A874-006A701793D1}.Debug|Any CPU.ActiveCfg = Debug|Any CPU
		{EEA1E018-538B-4859-A874-006A701793D1}.Debug|Any CPU.Build.0 = Debug|Any CPU
		{EEA1E018-538B-4859-A874-006A701793D1}.Release|Any CPU.ActiveCfg = Release|Any CPU
		{EEA1E018-538B-4859-A874-006A701793D1}.Release|Any CPU.Build.0 = Release|Any CPU
	EndGlobalSection
	GlobalSection(SolutionProperties) = preSolution
		HideSolutionNode = FALSE
	EndGlobalSection
	GlobalSection(ExtensibilityGlobals) = postSolution
		SolutionGuid = {49CD7892-1D7B-435C-B235-7D0E3B7C6C94}
	EndGlobalSection
EndGlobal
